PODS:
  - Capacitor (8.4.2):
    - CapacitorCordova
  - CapacitorApp (8.1.1):
    - Capacitor
  - CapacitorCamera (8.2.1):
    - Capacitor
    - IONCameraLib (~> 1.0.4)
  - CapacitorCordova (8.4.2)
  - CapacitorGeolocation (8.2.0):
    - Capacitor
    - IONGeolocationLib (= 2.1.0)
  - IONCameraLib (1.0.4)
  - IONGeolocationLib (2.1.0)

DEPENDENCIES:
  - "Capacitor (from `../../node_modules/@capacitor/ios`)"
  - "CapacitorApp (from `../../node_modules/@capacitor/app`)"
  - "CapacitorCamera (from `../../node_modules/@capacitor/camera`)"
  - "CapacitorCordova (from `../../node_modules/@capacitor/ios`)"
  - "CapacitorGeolocation (from `../../node_modules/@capacitor/geolocation`)"

SPEC REPOS:
  trunk:
    - IONCameraLib
    - IONGeolocationLib

EXTERNAL SOURCES:
  Capacitor:
    :path: "../../node_modules/@capacitor/ios"
  CapacitorApp:
    :path: "../../node_modules/@capacitor/app"
  CapacitorCamera:
    :path: "../../node_modules/@capacitor/camera"
  CapacitorCordova:
    :path: "../../node_modules/@capacitor/ios"
  CapacitorGeolocation:
    :path: "../../node_modules/@capacitor/geolocation"

SPEC CHECKSUMS:
  Capacitor: 52f999235b8bd6a7d01694753f4f4d54d182e3a3
  CapacitorApp: 305bd13c44f6f9d164e2ee66a4faa956ed8c0e06
  CapacitorCamera: 1b9dde3aaffbd1f051486f4cee2b4cdd962662ae
  CapacitorCordova: 345eacdc4c8282415446aea4acd8c77d82480bd4
  CapacitorGeolocation: b36f6287bfc9f2eefa04dc900496f2c8ae666136
  IONCameraLib: f2349804460bd9e3f892e42109b8d996ab3fa19d
  IONGeolocationLib: 6a7b6f76063fb1b01cfb14fae7d0f526e3c9b271

PODFILE CHECKSUM: ebfa3b674144edf42b3ec723b7352c8718d62cd4

COCOAPODS: 1.17.0
